
Microsoft Visual Studio Solution File, Format Version 12.00
# Visual Studio Version 17
VisualStudioVersion = 17.14.36414.22 d17.14
MinimumVisualStudioVersion = 10.0.40219.1
Project("{FAE04EC0-301F-11D3-BF4B-00C04F79EFBC}") = "GestorTareas", "GestorTareas\GestorTareas.csproj", "{6C01F16F-46CD-476A-8D80-74D553E55CFF}"
EndProject
Global
	GlobalSection(SolutionConfigurationPlatforms) = preSolution
		Debug|Any CPU = Debug|Any CPU
		Release|Any CPU = Release|Any CPU
	EndGlobalSection
	GlobalSection(ProjectConfigurationPlatforms) = postSolution
		{6C01F16F-46CD-476A-8D80-74D553E55CFF}.Debug|Any CPU.ActiveCfg = Debug|Any CPU
		{6C01F16F-46CD-476A-8D80-74D553E55CFF}.Debug|Any CPU.Build.0 = Debug|Any CPU
		{6C01F16F-46CD-476A-8D80-74D553E55CFF}.Release|Any CPU.ActiveCfg = Release|Any CPU
		{6C01F16F-46CD-476A-8D80-74D553E55CFF}.Release|Any CPU.Build.0 = Release|Any CPU
	EndGlobalSection
	GlobalSection(SolutionProperties) = preSolution
		HideSolutionNode = FALSE
	EndGlobalSection
	GlobalSection(ExtensibilityGlobals) = postSolution
		SolutionGuid = {4D18CF38-555D-4851-9C94-1DD57ABC6F99}
	EndGlobalSection
EndGlobal
